
Microsoft Visual Studio Solution File, Format Version 12.00
# Visual Studio Version 16
VisualStudioVersion = 16.0.30204.135
MinimumVisualStudioVersion = 10.0.40219.1
Project("{888888A0-9F3D-457C-B088-3A5042F75D52}") = "Python_Syntax", "Python_Syntax\Python_Syntax.pyproj", "{7492E647-CB68-445F-84F7-9DB8B955D71C}"
EndProject
Global
	GlobalSection(SolutionConfigurationPlatforms) = preSolution
		Debug|Any CPU = Debug|Any CPU
		Release|Any CPU = Release|Any CPU
	EndGlobalSection
	GlobalSection(ProjectConfigurationPlatforms) = postSolution
		{7492E647-CB68-445F-84F7-9DB8B955D71C}.Debug|Any CPU.ActiveCfg = Debug|Any CPU
		{7492E647-CB68-445F-84F7-9DB8B955D71C}.Release|Any CPU.ActiveCfg = Release|Any CPU
	EndGlobalSection
	GlobalSection(SolutionProperties) = preSolution
		HideSolutionNode = FALSE
	EndGlobalSection
	GlobalSection(ExtensibilityGlobals) = postSolution
		SolutionGuid = {1778DA07-DA3B-43D1-A049-328489E16C98}
	EndGlobalSection
EndGlobal
